
Microsoft Visual Studio Solution File, Format Version 12.00
# Visual Studio Version 17
VisualStudioVersion = 17.10.35027.167
MinimumVisualStudioVersion = 10.0.40219.1
Project("{FAE04EC0-301F-11D3-BF4B-00C04F79EFBC}") = "MyanmarWisdomHubAPI", "MyanmarWisdomHubAPI.csproj", "{0B878D31-D069-4026-AFBB-2A8309478706}"
EndProject
Global
	GlobalSection(SolutionConfigurationPlatforms) = preSolution
		Debug|Any CPU = Debug|Any CPU
		Release|Any CPU = Release|Any CPU
	EndGlobalSection
	GlobalSection(ProjectConfigurationPlatforms) = postSolution
		{0B878D31-D069-4026-AFBB-2A8309478706}.Debug|Any CPU.ActiveCfg = Debug|Any CPU
		{0B878D31-D069-4026-AFBB-2A8309478706}.Debug|Any CPU.Build.0 = Debug|Any CPU
		{0B878D31-D069-4026-AFBB-2A8309478706}.Release|Any CPU.ActiveCfg = Release|Any CPU
		{0B878D31-D069-4026-AFBB-2A8309478706}.Release|Any CPU.Build.0 = Release|Any CPU
	EndGlobalSection
	GlobalSection(SolutionProperties) = preSolution
		HideSolutionNode = FALSE
	EndGlobalSection
	GlobalSection(ExtensibilityGlobals) = postSolution
		SolutionGuid = {AAF81FD6-784D-48D1-B27B-E1470F7FC4CE}
	EndGlobalSection
EndGlobal
